
Microsoft Visual Studio Solution File, Format Version 12.00
# Visual Studio Version 17
VisualStudioVersion = 17.3.32901.215
MinimumVisualStudioVersion = 10.0.40219.1
Project("{FAE04EC0-301F-11D3-BF4B-00C04F79EFBC}") = "GestionReservas", "GestionReservas\GestionReservas.csproj", "{A43CB2D7-C0DA-4335-9348-7949544AC19A}"
EndProject
Global
	GlobalSection(SolutionConfigurationPlatforms) = preSolution
		Debug|Any CPU = Debug|Any CPU
		Release|Any CPU = Release|Any CPU
	EndGlobalSection
	GlobalSection(ProjectConfigurationPlatforms) = postSolution
		{A43CB2D7-C0DA-4335-9348-7949544AC19A}.Debug|Any CPU.ActiveCfg = Debug|Any CPU
		{A43CB2D7-C0DA-4335-9348-7949544AC19A}.Debug|Any CPU.Build.0 = Debug|Any CPU
		{A43CB2D7-C0DA-4335-9348-7949544AC19A}.Release|Any CPU.ActiveCfg = Release|Any CPU
		{A43CB2D7-C0DA-4335-9348-7949544AC19A}.Release|Any CPU.Build.0 = Release|Any CPU
	EndGlobalSection
	GlobalSection(SolutionProperties) = preSolution
		HideSolutionNode = FALSE
	EndGlobalSection
	GlobalSection(ExtensibilityGlobals) = postSolution
		SolutionGuid = {13B48F1B-82A0-4F73-A02E-4F6E91F0126B}
	EndGlobalSection
EndGlobal
